// !$*UTF8*$!
{
	archiveVersion = 1;
	classes = {
	};
	objectVersion = 56;
	objects = {

/* Begin PBXBuildFile section */
		FA3A0D3729FB18D400990857 /* SwiftUI_Side_MenuApp.swift in Sources */ = {isa = PBXBuildFile; fileRef = FA3A0D3629FB18D400990857 /* SwiftUI_Side_MenuApp.swift */; };
		FA3A0D3929FB18D400990857 /* ContentView.swift in Sources */ = {isa = PBXBuildFile; fileRef = FA3A0D3829FB18D400990857 /* ContentView.swift */; };
		FA3A0D3B29FB18D600990857 /* Assets.xcassets in Resources */ = {isa = PBXBuildFile; fileRef = FA3A0D3A29FB18D600990857 /* Assets.xcassets */; };
		FA3A0D3E29FB18D600990857 /* Preview Assets.xcassets in Resources */ = {isa = PBXBuildFile; fileRef = FA3A0D3D29FB18D600990857 /* Preview Assets.xcassets */; };
		FA3A0D4829FB18D600990857 /* SwiftUI_Side_MenuTests.swift in Sources */ = {isa = PBXBuildFile; fileRef = FA3A0D4729FB18D600990857 /* SwiftUI_Side_MenuTests.swift */; };
		FA3A0D5229FB18D600990857 /* SwiftUI_Side_MenuUITests.swift in Sources */ = {isa = PBXBuildFile; fileRef = FA3A0D5129FB18D600990857 /* SwiftUI_Side_MenuUITests.swift */; };
		FA3A0D5429FB18D600990857 /* SwiftUI_Side_MenuUITestsLaunchTests.swift in Sources */ = {isa = PBXBuildFile; fileRef = FA3A0D5329FB18D600990857 /* SwiftUI_Side_MenuUITestsLaunchTests.swift */; };
		FA3A0D6429FB196500990857 /* Inter-Regular.ttf in Resources */ = {isa = PBXBuildFile; fileRef = FA3A0D6129FB196500990857 /* Inter-Regular.ttf */; };
		FA3A0D6529FB196500990857 /* Poppins-Bold.ttf in Resources */ = {isa = PBXBuildFile; fileRef = FA3A0D6229FB196500990857 /* Poppins-Bold.ttf */; };
		FA3A0D6629FB196500990857 /* Inter-SemiBold.ttf in Resources */ = {isa = PBXBuildFile; fileRef = FA3A0D6329FB196500990857 /* Inter-SemiBold.ttf */; };
		FA3A0D6F29FB198400990857 /* house.riv in Resources */ = {isa = PBXBuildFile; fileRef = FA3A0D6829FB198400990857 /* house.riv */; };
		FA3A0D7029FB198400990857 /* confetti.riv in Resources */ = {isa = PBXBuildFile; fileRef = FA3A0D6929FB198400990857 /* confetti.riv */; };
		FA3A0D7129FB198400990857 /* check.riv in Resources */ = {isa = PBXBuildFile; fileRef = FA3A0D6A29FB198400990857 /* check.riv */; };
		FA3A0D7229FB198400990857 /* menu_button.riv in Resources */ = {isa = PBXBuildFile; fileRef = FA3A0D6B29FB198400990857 /* menu_button.riv */; };
		FA3A0D7329FB198400990857 /* shapes.riv in Resources */ = {isa = PBXBuildFile; fileRef = FA3A0D6C29FB198400990857 /* shapes.riv */; };
		FA3A0D7429FB198400990857 /* button.riv in Resources */ = {isa = PBXBuildFile; fileRef = FA3A0D6D29FB198400990857 /* button.riv */; };
		FA3A0D7529FB198400990857 /* icons.riv in Resources */ = {isa = PBXBuildFile; fileRef = FA3A0D6E29FB198400990857 /* icons.riv */; };
		FA3A0D7829FB19A000990857 /* Note.swift in Sources */ = {isa = PBXBuildFile; fileRef = FA3A0D7729FB19A000990857 /* Note.swift */; };
		FA3A0D7A29FB19B900990857 /* NoteSection.swift in Sources */ = {isa = PBXBuildFile; fileRef = FA3A0D7929FB19B900990857 /* NoteSection.swift */; };
		FA3A0D7D29FB19F800990857 /* Extensions.swift in Sources */ = {isa = PBXBuildFile; fileRef = FA3A0D7C29FB19F800990857 /* Extensions.swift */; };
		FA3A0D7F29FB1A1900990857 /* CustomTextField.swift in Sources */ = {isa = PBXBuildFile; fileRef = FA3A0D7E29FB1A1900990857 /* CustomTextField.swift */; };
		FA3A0D8129FB1B4A00990857 /* CustomButton.swift in Sources */ = {isa = PBXBuildFile; fileRef = FA3A0D8029FB1B4A00990857 /* CustomButton.swift */; };
		FA3A0D8329FB1B5D00990857 /* CustomFont.swift in Sources */ = {isa = PBXBuildFile; fileRef = FA3A0D8229FB1B5D00990857 /* CustomFont.swift */; };
		FA3A0D8629FB1BD000990857 /* RiveRuntime in Frameworks */ = {isa = PBXBuildFile; productRef = FA3A0D8529FB1BD000990857 /* RiveRuntime */; };
		FA3A0D8929FB1C0600990857 /* TabBar.swift in Sources */ = {isa = PBXBuildFile; fileRef = FA3A0D8829FB1C0600990857 /* TabBar.swift */; };
/* End PBXBuildFile section */

/* Begin PBXContainerItemProxy section */
		FA3A0D4429FB18D600990857 /* PBXContainerItemProxy */ = {
			isa = PBXContainerItemProxy;
			containerPortal = FA3A0D2B29FB18D400990857 /* Project object */;
			proxyType = 1;
			remoteGlobalIDString = FA3A0D3229FB18D400990857;
			remoteInfo = "SwiftUI-Side Menu";
		};
		FA3A0D4E29FB18D600990857 /* PBXContainerItemProxy */ = {
			isa = PBXContainerItemProxy;
			containerPortal = FA3A0D2B29FB18D400990857 /* Project object */;
			proxyType = 1;
			remoteGlobalIDString = FA3A0D3229FB18D400990857;
			remoteInfo = "SwiftUI-Side Menu";
		};
/* End PBXContainerItemProxy section */

/* Begin PBXFileReference section */
		FA3A0D3329FB18D400990857 /* SwiftUI-Side Menu.app */ = {isa = PBXFileReference; explicitFileType = wrapper.application; includeInIndex = 0; path = "SwiftUI-Side Menu.app"; sourceTree = BUILT_PRODUCTS_DIR; };
		FA3A0D3629FB18D400990857 /* SwiftUI_Side_MenuApp.swift */ = {isa = PBXFileReference; lastKnownFileType = sourcecode.swift; path = SwiftUI_Side_MenuApp.swift; sourceTree = "<group>"; };
		FA3A0D3829FB18D400990857 /* ContentView.swift */ = {isa = PBXFileReference; lastKnownFileType = sourcecode.swift; path = ContentView.swift; sourceTree = "<group>"; };
		FA3A0D3A29FB18D600990857 /* Assets.xcassets */ = {isa = PBXFileReference; lastKnownFileType = folder.assetcatalog; path = Assets.xcassets; sourceTree = "<group>"; };
		FA3A0D3D29FB18D600990857 /* Preview Assets.xcassets */ = {isa = PBXFileReference; lastKnownFileType = folder.assetcatalog; path = "Preview Assets.xcassets"; sourceTree = "<group>"; };
		FA3A0D4329FB18D600990857 /* SwiftUI-Side MenuTests.xctest */ = {isa = PBXFileReference; explicitFileType = wrapper.cfbundle; includeInIndex = 0; path = "SwiftUI-Side MenuTests.xctest"; sourceTree = BUILT_PRODUCTS_DIR; };
		FA3A0D4729FB18D600990857 /* SwiftUI_Side_MenuTests.swift */ = {isa = PBXFileReference; lastKnownFileType = sourcecode.swift; path = SwiftUI_Side_MenuTests.swift; sourceTree = "<group>"; };
		FA3A0D4D29FB18D600990857 /* SwiftUI-Side MenuUITests.xctest */ = {isa = PBXFileReference; explicitFileType = wrapper.cfbundle; includeInIndex = 0; path = "SwiftUI-Side MenuUITests.xctest"; sourceTree = BUILT_PRODUCTS_DIR; };
		FA3A0D5129FB18D600990857 /* SwiftUI_Side_MenuUITests.swift */ = {isa = PBXFileReference; lastKnownFileType = sourcecode.swift; path = SwiftUI_Side_MenuUITests.swift; sourceTree = "<group>"; };
		FA3A0D5329FB18D600990857 /* SwiftUI_Side_MenuUITestsLaunchTests.swift */ = {isa = PBXFileReference; lastKnownFileType = sourcecode.swift; path = SwiftUI_Side_MenuUITestsLaunchTests.swift; sourceTree = "<group>"; };
		FA3A0D6129FB196500990857 /* Inter-Regular.ttf */ = {isa = PBXFileReference; lastKnownFileType = file; path = "Inter-Regular.ttf"; sourceTree = "<group>"; };
		FA3A0D6229FB196500990857 /* Poppins-Bold.ttf */ = {isa = PBXFileReference; lastKnownFileType = file; path = "Poppins-Bold.ttf"; sourceTree = "<group>"; };
		FA3A0D6329FB196500990857 /* Inter-SemiBold.ttf */ = {isa = PBXFileReference; lastKnownFileType = file; path = "Inter-SemiBold.ttf"; sourceTree = "<group>"; };
		FA3A0D6829FB198400990857 /* house.riv */ = {isa = PBXFileReference; lastKnownFileType = file; path = house.riv; sourceTree = "<group>"; };
		FA3A0D6929FB198400990857 /* confetti.riv */ = {isa = PBXFileReference; lastKnownFileType = file; path = confetti.riv; sourceTree = "<group>"; };
		FA3A0D6A29FB198400990857 /* check.riv */ = {isa = PBXFileReference; lastKnownFileType = file; path = check.riv; sourceTree = "<group>"; };
		FA3A0D6B29FB198400990857 /* menu_button.riv */ = {isa = PBXFileReference; lastKnownFileType = file; path = menu_button.riv; sourceTree = "<group>"; };
		FA3A0D6C29FB198400990857 /* shapes.riv */ = {isa = PBXFileReference; lastKnownFileType = file; path = shapes.riv; sourceTree = "<group>"; };
		FA3A0D6D29FB198400990857 /* button.riv */ = {isa = PBXFileReference; lastKnownFileType = file; path = button.riv; sourceTree = "<group>"; };
		FA3A0D6E29FB198400990857 /* icons.riv */ = {isa = PBXFileReference; lastKnownFileType = file; path = icons.riv; sourceTree = "<group>"; };
		FA3A0D7729FB19A000990857 /* Note.swift */ = {isa = PBXFileReference; lastKnownFileType = sourcecode.swift; path = Note.swift; sourceTree = "<group>"; };
		FA3A0D7929FB19B900990857 /* NoteSection.swift */ = {isa = PBXFileReference; lastKnownFileType = sourcecode.swift; path = NoteSection.swift; sourceTree = "<group>"; };
		FA3A0D7C29FB19F800990857 /* Extensions.swift */ = {isa = PBXFileReference; lastKnownFileType = sourcecode.swift; path = Extensions.swift; sourceTree = "<group>"; };
		FA3A0D7E29FB1A1900990857 /* CustomTextField.swift */ = {isa = PBXFileReference; lastKnownFileType = sourcecode.swift; path = CustomTextField.swift; sourceTree = "<group>"; };
		FA3A0D8029FB1B4A00990857 /* CustomButton.swift */ = {isa = PBXFileReference; lastKnownFileType = sourcecode.swift; path = CustomButton.swift; sourceTree = "<group>"; };
		FA3A0D8229FB1B5D00990857 /* CustomFont.swift */ = {isa = PBXFileReference; lastKnownFileType = sourcecode.swift; path = CustomFont.swift; sourceTree = "<group>"; };
		FA3A0D8829FB1C0600990857 /* TabBar.swift */ = {isa = PBXFileReference; lastKnownFileType = sourcecode.swift; path = TabBar.swift; sourceTree = "<group>"; };
/* End PBXFileReference section */

/* Begin PBXFrameworksBuildPhase section */
		FA3A0D3029FB18D400990857 /* Frameworks */ = {
			isa = PBXFrameworksBuildPhase;
			buildActionMask = 2147483647;
			files = (
				FA3A0D8629FB1BD000990857 /* RiveRuntime in Frameworks */,
			);
			runOnlyForDeploymentPostprocessing = 0;
		};
		FA3A0D4029FB18D600990857 /* Frameworks */ = {
			isa = PBXFrameworksBuildPhase;
			buildActionMask = 2147483647;
			files = (
			);
			runOnlyForDeploymentPostprocessing = 0;
		};
		FA3A0D4A29FB18D600990857 /* Frameworks */ = {
			isa = PBXFrameworksBuildPhase;
			buildActionMask = 2147483647;
			files = (
			);
			runOnlyForDeploymentPostprocessing = 0;
		};
/* End PBXFrameworksBuildPhase section */

/* Begin PBXGroup section */
		FA3A0D2A29FB18D400990857 = {
			isa = PBXGroup;
			children = (
				FA3A0D3529FB18D400990857 /* SwiftUI-Side Menu */,
				FA3A0D4629FB18D600990857 /* SwiftUI-Side MenuTests */,
				FA3A0D5029FB18D600990857 /* SwiftUI-Side MenuUITests */,
				FA3A0D3429FB18D400990857 /* Products */,
			);
			sourceTree = "<group>";
		};
		FA3A0D3429FB18D400990857 /* Products */ = {
			isa = PBXGroup;
			children = (
				FA3A0D3329FB18D400990857 /* SwiftUI-Side Menu.app */,
				FA3A0D4329FB18D600990857 /* SwiftUI-Side MenuTests.xctest */,
				FA3A0D4D29FB18D600990857 /* SwiftUI-Side MenuUITests.xctest */,
			);
			name = Products;
			sourceTree = "<group>";
		};
		FA3A0D3529FB18D400990857 /* SwiftUI-Side Menu */ = {
			isa = PBXGroup;
			children = (
				FA3A0D8729FB1BF800990857 /* Navigation */,
				FA3A0D7B29FB19EA00990857 /* Styles */,
				FA3A0D7629FB199300990857 /* Model */,
				FA3A0D3629FB18D400990857 /* SwiftUI_Side_MenuApp.swift */,
				FA3A0D3829FB18D400990857 /* ContentView.swift */,
				FA3A0D3A29FB18D600990857 /* Assets.xcassets */,
				FA3A0D6729FB198400990857 /* RiveAssets */,
				FA3A0D6029FB196500990857 /* Fonts */,
				FA3A0D3C29FB18D600990857 /* Preview Content */,
			);
			path = "SwiftUI-Side Menu";
			sourceTree = "<group>";
		};
		FA3A0D3C29FB18D600990857 /* Preview Content */ = {
			isa = PBXGroup;
			children = (
				FA3A0D3D29FB18D600990857 /* Preview Assets.xcassets */,
			);
			path = "Preview Content";
			sourceTree = "<group>";
		};
		FA3A0D4629FB18D600990857 /* SwiftUI-Side MenuTests */ = {
			isa = PBXGroup;
			children = (
				FA3A0D4729FB18D600990857 /* SwiftUI_Side_MenuTests.swift */,
			);
			path = "SwiftUI-Side MenuTests";
			sourceTree = "<group>";
		};
		FA3A0D5029FB18D600990857 /* SwiftUI-Side MenuUITests */ = {
			isa = PBXGroup;
			children = (
				FA3A0D5129FB18D600990857 /* SwiftUI_Side_MenuUITests.swift */,
				FA3A0D5329FB18D600990857 /* SwiftUI_Side_MenuUITestsLaunchTests.swift */,
			);
			path = "SwiftUI-Side MenuUITests";
			sourceTree = "<group>";
		};
		FA3A0D6029FB196500990857 /* Fonts */ = {
			isa = PBXGroup;
			children = (
				FA3A0D6129FB196500990857 /* Inter-Regular.ttf */,
				FA3A0D6229FB196500990857 /* Poppins-Bold.ttf */,
				FA3A0D6329FB196500990857 /* Inter-SemiBold.ttf */,
			);
			path = Fonts;
			sourceTree = "<group>";
		};
		FA3A0D6729FB198400990857 /* RiveAssets */ = {
			isa = PBXGroup;
			children = (
				FA3A0D6829FB198400990857 /* house.riv */,
				FA3A0D6929FB198400990857 /* confetti.riv */,
				FA3A0D6A29FB198400990857 /* check.riv */,
				FA3A0D6B29FB198400990857 /* menu_button.riv */,
				FA3A0D6C29FB198400990857 /* shapes.riv */,
				FA3A0D6D29FB198400990857 /* button.riv */,
				FA3A0D6E29FB198400990857 /* icons.riv */,
			);
			path = RiveAssets;
			sourceTree = "<group>";
		};
		FA3A0D7629FB199300990857 /* Model */ = {
			isa = PBXGroup;
			children = (
				FA3A0D7729FB19A000990857 /* Note.swift */,
				FA3A0D7929FB19B900990857 /* NoteSection.swift */,
			);
			path = Model;
			sourceTree = "<group>";
		};
		FA3A0D7B29FB19EA00990857 /* Styles */ = {
			isa = PBXGroup;
			children = (
				FA3A0D7C29FB19F800990857 /* Extensions.swift */,
				FA3A0D7E29FB1A1900990857 /* CustomTextField.swift */,
				FA3A0D8029FB1B4A00990857 /* CustomButton.swift */,
				FA3A0D8229FB1B5D00990857 /* CustomFont.swift */,
			);
			path = Styles;
			sourceTree = "<group>";
		};
		FA3A0D8729FB1BF800990857 /* Navigation */ = {
			isa = PBXGroup;
			children = (
				FA3A0D8829FB1C0600990857 /* TabBar.swift */,
			);
			path = Navigation;
			sourceTree = "<group>";
		};
/* End PBXGroup section */

/* Begin PBXNativeTarget section */
		FA3A0D3229FB18D400990857 /* SwiftUI-Side Menu */ = {
			isa = PBXNativeTarget;
			buildConfigurationList = FA3A0D5729FB18D600990857 /* Build configuration list for PBXNativeTarget "SwiftUI-Side Menu" */;
			buildPhases = (
				FA3A0D2F29FB18D400990857 /* Sources */,
				FA3A0D3029FB18D400990857 /* Frameworks */,
				FA3A0D3129FB18D400990857 /* Resources */,
			);
			buildRules = (
			);
			dependencies = (
			);
			name = "SwiftUI-Side Menu";
			packageProductDependencies = (
				FA3A0D8529FB1BD000990857 /* RiveRuntime */,
			);
			productName = "SwiftUI-Side Menu";
			productReference = FA3A0D3329FB18D400990857 /* SwiftUI-Side Menu.app */;
			productType = "com.apple.product-type.application";
		};
		FA3A0D4229FB18D600990857 /* SwiftUI-Side MenuTests */ = {
			isa = PBXNativeTarget;
			buildConfigurationList = FA3A0D5A29FB18D600990857 /* Build configuration list for PBXNativeTarget "SwiftUI-Side MenuTests" */;
			buildPhases = (
				FA3A0D3F29FB18D600990857 /* Sources */,
				FA3A0D4029FB18D600990857 /* Frameworks */,
				FA3A0D4129FB18D600990857 /* Resources */,
			);
			buildRules = (
			);
			dependencies = (
				FA3A0D4529FB18D600990857 /* PBXTargetDependency */,
			);
			name = "SwiftUI-Side MenuTests";
			productName = "SwiftUI-Side MenuTests";
			productReference = FA3A0D4329FB18D600990857 /* SwiftUI-Side MenuTests.xctest */;
			productType = "com.apple.product-type.bundle.unit-test";
		};
		FA3A0D4C29FB18D600990857 /* SwiftUI-Side MenuUITests */ = {
			isa = PBXNativeTarget;
			buildConfigurationList = FA3A0D5D29FB18D600990857 /* Build configuration list for PBXNativeTarget "SwiftUI-Side MenuUITests" */;
			buildPhases = (
				FA3A0D4929FB18D600990857 /* Sources */,
				FA3A0D4A29FB18D600990857 /* Frameworks */,
				FA3A0D4B29FB18D600990857 /* Resources */,
			);
			buildRules = (
			);
			dependencies = (
				FA3A0D4F29FB18D600990857 /* PBXTargetDependency */,
			);
			name = "SwiftUI-Side MenuUITests";
			productName = "SwiftUI-Side MenuUITests";
			productReference = FA3A0D4D29FB18D600990857 /* SwiftUI-Side MenuUITests.xctest */;
			productType = "com.apple.product-type.bundle.ui-testing";
		};
/* End PBXNativeTarget section */

/* Begin PBXProject section */
		FA3A0D2B29FB18D400990857 /* Project object */ = {
			isa = PBXProject;
			attributes = {
				BuildIndependentTargetsInParallel = 1;
				LastSwiftUpdateCheck = 1410;
				LastUpgradeCheck = 1410;
				TargetAttributes = {
					FA3A0D3229FB18D400990857 = {
						CreatedOnToolsVersion = 14.1;
					};
					FA3A0D4229FB18D600990857 = {
						CreatedOnToolsVersion = 14.1;
						TestTargetID = FA3A0D3229FB18D400990857;
					};
					FA3A0D4C29FB18D600990857 = {
						CreatedOnToolsVersion = 14.1;
						TestTargetID = FA3A0D3229FB18D400990857;
					};
				};
			};
			buildConfigurationList = FA3A0D2E29FB18D400990857 /* Build configuration list for PBXProject "SwiftUI-Side Menu" */;
			compatibilityVersion = "Xcode 14.0";
			developmentRegion = en;
			hasScannedForEncodings = 0;
			knownRegions = (
				en,
				Base,
			);
			mainGroup = FA3A0D2A29FB18D400990857;
			packageReferences = (
				FA3A0D8429FB1BD000990857 /* XCRemoteSwiftPackageReference "rive-ios" */,
			);
			productRefGroup = FA3A0D3429FB18D400990857 /* Products */;
			projectDirPath = "";
			projectRoot = "";
			targets = (
				FA3A0D3229FB18D400990857 /* SwiftUI-Side Menu */,
				FA3A0D4229FB18D600990857 /* SwiftUI-Side MenuTests */,
				FA3A0D4C29FB18D600990857 /* SwiftUI-Side MenuUITests */,
			);
		};
/* End PBXProject section */

/* Begin PBXResourcesBuildPhase section */
		FA3A0D3129FB18D400990857 /* Resources */ = {
			isa = PBXResourcesBuildPhase;
			buildActionMask = 2147483647;
			files = (
				FA3A0D3E29FB18D600990857 /* Preview Assets.xcassets in Resources */,
				FA3A0D6429FB196500990857 /* Inter-Regular.ttf in Resources */,
				FA3A0D3B29FB18D600990857 /* Assets.xcassets in Resources */,
				FA3A0D6629FB196500990857 /* Inter-SemiBold.ttf in Resources */,
				FA3A0D7029FB198400990857 /* confetti.riv in Resources */,
				FA3A0D7329FB198400990857 /* shapes.riv in Resources */,
				FA3A0D6F29FB198400990857 /* house.riv in Resources */,
				FA3A0D7129FB198400990857 /* check.riv in Resources */,
				FA3A0D7529FB198400990857 /* icons.riv in Resources */,
				FA3A0D6529FB196500990857 /* Poppins-Bold.ttf in Resources */,
				FA3A0D7229FB198400990857 /* menu_button.riv in Resources */,
				FA3A0D7429FB198400990857 /* button.riv in Resources */,
			);
			runOnlyForDeploymentPostprocessing = 0;
		};
		FA3A0D4129FB18D600990857 /* Resources */ = {
			isa = PBXResourcesBuildPhase;
			buildActionMask = 2147483647;
			files = (
			);
			runOnlyForDeploymentPostprocessing = 0;
		};
		FA3A0D4B29FB18D600990857 /* Resources */ = {
			isa = PBXResourcesBuildPhase;
			buildActionMask = 2147483647;
			files = (
			);
			runOnlyForDeploymentPostprocessing = 0;
		};
/* End PBXResourcesBuildPhase section */

/* Begin PBXSourcesBuildPhase section */
		FA3A0D2F29FB18D400990857 /* Sources */ = {
			isa = PBXSourcesBuildPhase;
			buildActionMask = 2147483647;
			files = (
				FA3A0D8929FB1C0600990857 /* TabBar.swift in Sources */,
				FA3A0D7D29FB19F800990857 /* Extensions.swift in Sources */,
				FA3A0D3929FB18D400990857 /* ContentView.swift in Sources */,
				FA3A0D7F29FB1A1900990857 /* CustomTextField.swift in Sources */,
				FA3A0D3729FB18D400990857 /* SwiftUI_Side_MenuApp.swift in Sources */,
				FA3A0D8129FB1B4A00990857 /* CustomButton.swift in Sources */,
				FA3A0D8329FB1B5D00990857 /* CustomFont.swift in Sources */,
				FA3A0D7829FB19A000990857 /* Note.swift in Sources */,
				FA3A0D7A29FB19B900990857 /* NoteSection.swift in Sources */,
			);
			runOnlyForDeploymentPostprocessing = 0;
		};
		FA3A0D3F29FB18D600990857 /* Sources */ = {
			isa = PBXSourcesBuildPhase;
			buildActionMask = 2147483647;
			files = (
				FA3A0D4829FB18D600990857 /* SwiftUI_Side_MenuTests.swift in Sources */,
			);
			runOnlyForDeploymentPostprocessing = 0;
		};
		FA3A0D4929FB18D600990857 /* Sources */ = {
			isa = PBXSourcesBuildPhase;
			buildActionMask = 2147483647;
			files = (
				FA3A0D5429FB18D600990857 /* SwiftUI_Side_MenuUITestsLaunchTests.swift in Sources */,
				FA3A0D5229FB18D600990857 /* SwiftUI_Side_MenuUITests.swift in Sources */,
			);
			runOnlyForDeploymentPostprocessing = 0;
		};
/* End PBXSourcesBuildPhase section */

/* Begin PBXTargetDependency section */
		FA3A0D4529FB18D600990857 /* PBXTargetDependency */ = {
			isa = PBXTargetDependency;
			target = FA3A0D3229FB18D400990857 /* SwiftUI-Side Menu */;
			targetProxy = FA3A0D4429FB18D600990857 /* PBXContainerItemProxy */;
		};
		FA3A0D4F29FB18D600990857 /* PBXTargetDependency */ = {
			isa = PBXTargetDependency;
			target = FA3A0D3229FB18D400990857 /* SwiftUI-Side Menu */;
			targetProxy = FA3A0D4E29FB18D600990857 /* PBXContainerItemProxy */;
		};
/* End PBXTargetDependency section */

/* Begin XCBuildConfiguration section */
		FA3A0D5529FB18D600990857 /* Debug */ = {
			isa = XCBuildConfiguration;
			buildSettings = {
				ALWAYS_SEARCH_USER_PATHS = NO;
				CLANG_ANALYZER_NONNULL = YES;
				CLANG_ANALYZER_NUMBER_OBJECT_CONVERSION = YES_AGGRESSIVE;
				CLANG_CXX_LANGUAGE_STANDARD = "gnu++20";
				CLANG_ENABLE_MODULES = YES;
				CLANG_ENABLE_OBJC_ARC = YES;
				CLANG_ENABLE_OBJC_WEAK = YES;
				CLANG_WARN_BLOCK_CAPTURE_AUTORELEASING = YES;
				CLANG_WARN_BOOL_CONVERSION = YES;
				CLANG_WARN_COMMA = YES;
				CLANG_WARN_CONSTANT_CONVERSION = YES;
				CLANG_WARN_DEPRECATED_OBJC_IMPLEMENTATIONS = YES;
				CLANG_WARN_DIRECT_OBJC_ISA_USAGE = YES_ERROR;
				CLANG_WARN_DOCUMENTATION_COMMENTS = YES;
				CLANG_WARN_EMPTY_BODY = YES;
				CLANG_WARN_ENUM_CONVERSION = YES;
				CLANG_WARN_INFINITE_RECURSION = YES;
				CLANG_WARN_INT_CONVERSION = YES;
				CLANG_WARN_NON_LITERAL_NULL_CONVERSION = YES;
				CLANG_WARN_OBJC_IMPLICIT_RETAIN_SELF = YES;
				CLANG_WARN_OBJC_LITERAL_CONVERSION = YES;
				CLANG_WARN_OBJC_ROOT_CLASS = YES_ERROR;
				CLANG_WARN_QUOTED_INCLUDE_IN_FRAMEWORK_HEADER = YES;
				CLANG_WARN_RANGE_LOOP_ANALYSIS = YES;
				CLANG_WARN_STRICT_PROTOTYPES = YES;
				CLANG_WARN_SUSPICIOUS_MOVE = YES;
				CLANG_WARN_UNGUARDED_AVAILABILITY = YES_AGGRESSIVE;
				CLANG_WARN_UNREACHABLE_CODE = YES;
				CLANG_WARN__DUPLICATE_METHOD_MATCH = YES;
				COPY_PHASE_STRIP = NO;
				DEBUG_INFORMATION_FORMAT = dwarf;
				ENABLE_STRICT_OBJC_MSGSEND = YES;
				ENABLE_TESTABILITY = YES;
				GCC_C_LANGUAGE_STANDARD = gnu11;
				GCC_DYNAMIC_NO_PIC = NO;
				GCC_NO_COMMON_BLOCKS = YES;
				GCC_OPTIMIZATION_LEVEL = 0;
				GCC_PREPROCESSOR_DEFINITIONS = (
					"DEBUG=1",
					"$(inherited)",
				);
				GCC_WARN_64_TO_32_BIT_CONVERSION = YES;
				GCC_WARN_ABOUT_RETURN_TYPE = YES_ERROR;
				GCC_WARN_UNDECLARED_SELECTOR = YES;
				GCC_WARN_UNINITIALIZED_AUTOS = YES_AGGRESSIVE;
				GCC_WARN_UNUSED_FUNCTION = YES;
				GCC_WARN_UNUSED_VARIABLE = YES;
				IPHONEOS_DEPLOYMENT_TARGET = 16.1;
				MTL_ENABLE_DEBUG_INFO = INCLUDE_SOURCE;
				MTL_FAST_MATH = YES;
				ONLY_ACTIVE_ARCH = YES;
				SDKROOT = iphoneos;
				SWIFT_ACTIVE_COMPILATION_CONDITIONS = DEBUG;
				SWIFT_OPTIMIZATION_LEVEL = "-Onone";
			};
			name = Debug;
		};
		FA3A0D5629FB18D600990857 /* Release */ = {
			isa = XCBuildConfiguration;
			buildSettings = {
				ALWAYS_SEARCH_USER_PATHS = NO;
				CLANG_ANALYZER_NONNULL = YES;
				CLANG_ANALYZER_NUMBER_OBJECT_CONVERSION = YES_AGGRESSIVE;
				CLANG_CXX_LANGUAGE_STANDARD = "gnu++20";
				CLANG_ENABLE_MODULES = YES;
				CLANG_ENABLE_OBJC_ARC = YES;
				CLANG_ENABLE_OBJC_WEAK = YES;
				CLANG_WARN_BLOCK_CAPTURE_AUTORELEASING = YES;
				CLANG_WARN_BOOL_CONVERSION = YES;
				CLANG_WARN_COMMA = YES;
				CLANG_WARN_CONSTANT_CONVERSION = YES;
				CLANG_WARN_DEPRECATED_OBJC_IMPLEMENTATIONS = YES;
				CLANG_WARN_DIRECT_OBJC_ISA_USAGE = YES_ERROR;
				CLANG_WARN_DOCUMENTATION_COMMENTS = YES;
				CLANG_WARN_EMPTY_BODY = YES;
				CLANG_WARN_ENUM_CONVERSION = YES;
				CLANG_WARN_INFINITE_RECURSION = YES;
				CLANG_WARN_INT_CONVERSION = YES;
				CLANG_WARN_NON_LITERAL_NULL_CONVERSION = YES;
				CLANG_WARN_OBJC_IMPLICIT_RETAIN_SELF = YES;
				CLANG_WARN_OBJC_LITERAL_CONVERSION = YES;
				CLANG_WARN_OBJC_ROOT_CLASS = YES_ERROR;
				CLANG_WARN_QUOTED_INCLUDE_IN_FRAMEWORK_HEADER = YES;
				CLANG_WARN_RANGE_LOOP_ANALYSIS = YES;
				CLANG_WARN_STRICT_PROTOTYPES = YES;
				CLANG_WARN_SUSPICIOUS_MOVE = YES;
				CLANG_WARN_UNGUARDED_AVAILABILITY = YES_AGGRESSIVE;
				CLANG_WARN_UNREACHABLE_CODE = YES;
				CLANG_WARN__DUPLICATE_METHOD_MATCH = YES;
				COPY_PHASE_STRIP = NO;
				DEBUG_INFORMATION_FORMAT = "dwarf-with-dsym";
				ENABLE_NS_ASSERTIONS = NO;
				ENABLE_STRICT_OBJC_MSGSEND = YES;
				GCC_C_LANGUAGE_STANDARD = gnu11;
				GCC_NO_COMMON_BLOCKS = YES;
				GCC_WARN_64_TO_32_BIT_CONVERSION = YES;
				GCC_WARN_ABOUT_RETURN_TYPE = YES_ERROR;
				GCC_WARN_UNDECLARED_SELECTOR = YES;
				GCC_WARN_UNINITIALIZED_AUTOS = YES_AGGRESSIVE;
				GCC_WARN_UNUSED_FUNCTION = YES;
				GCC_WARN_UNUSED_VARIABLE = YES;
				IPHONEOS_DEPLOYMENT_TARGET = 16.1;
				MTL_ENABLE_DEBUG_INFO = NO;
				MTL_FAST_MATH = YES;
				SDKROOT = iphoneos;
				SWIFT_COMPILATION_MODE = wholemodule;
				SWIFT_OPTIMIZATION_LEVEL = "-O";
				VALIDATE_PRODUCT = YES;
			};
			name = Release;
		};
		FA3A0D5829FB18D600990857 /* Debug */ = {
			isa = XCBuildConfiguration;
			buildSettings = {
				ASSETCATALOG_COMPILER_APPICON_NAME = AppIcon;
				ASSETCATALOG_COMPILER_GLOBAL_ACCENT_COLOR_NAME = AccentColor;
				CODE_SIGN_STYLE = Automatic;
				CURRENT_PROJECT_VERSION = 1;
				DEVELOPMENT_ASSET_PATHS = "\"SwiftUI-Side Menu/Preview Content\"";
				ENABLE_PREVIEWS = YES;
				GENERATE_INFOPLIST_FILE = YES;
				INFOPLIST_KEY_UIApplicationSceneManifest_Generation = YES;
				INFOPLIST_KEY_UIApplicationSupportsIndirectInputEvents = YES;
				INFOPLIST_KEY_UILaunchScreen_Generation = YES;
				INFOPLIST_KEY_UISupportedInterfaceOrientations_iPad = "UIInterfaceOrientationPortrait UIInterfaceOrientationPortraitUpsideDown UIInterfaceOrientationLandscapeLeft UIInterfaceOrientationLandscapeRight";
				INFOPLIST_KEY_UISupportedInterfaceOrientations_iPhone = "UIInterfaceOrientationPortrait UIInterfaceOrientationLandscapeLeft UIInterfaceOrientationLandscapeRight";
				LD_RUNPATH_SEARCH_PATHS = (
					"$(inherited)",
					"@executable_path/Frameworks",
				);
				MARKETING_VERSION = 1.0;
				PRODUCT_BUNDLE_IDENTIFIER = "com.mustafakilinc.SwiftUI-Side-Menu";
				PRODUCT_NAME = "$(TARGET_NAME)";
				SWIFT_EMIT_LOC_STRINGS = YES;
				SWIFT_VERSION = 5.0;
				TARGETED_DEVICE_FAMILY = "1,2";
			};
			name = Debug;
		};
		FA3A0D5929FB18D600990857 /* Release */ = {
			isa = XCBuildConfiguration;
			buildSettings = {
				ASSETCATALOG_COMPILER_APPICON_NAME = AppIcon;
				ASSETCATALOG_COMPILER_GLOBAL_ACCENT_COLOR_NAME = AccentColor;
				CODE_SIGN_STYLE = Automatic;
				CURRENT_PROJECT_VERSION = 1;
				DEVELOPMENT_ASSET_PATHS = "\"SwiftUI-Side Menu/Preview Content\"";
				ENABLE_PREVIEWS = YES;
				GENERATE_INFOPLIST_FILE = YES;
				INFOPLIST_KEY_UIApplicationSceneManifest_Generation = YES;
				INFOPLIST_KEY_UIApplicationSupportsIndirectInputEvents = YES;
				INFOPLIST_KEY_UILaunchScreen_Generation = YES;
				INFOPLIST_KEY_UISupportedInterfaceOrientations_iPad = "UIInterfaceOrientationPortrait UIInterfaceOrientationPortraitUpsideDown UIInterfaceOrientationLandscapeLeft UIInterfaceOrientationLandscapeRight";
				INFOPLIST_KEY_UISupportedInterfaceOrientations_iPhone = "UIInterfaceOrientationPortrait UIInterfaceOrientationLandscapeLeft UIInterfaceOrientationLandscapeRight";
				LD_RUNPATH_SEARCH_PATHS = (
					"$(inherited)",
					"@executable_path/Frameworks",
				);
				MARKETING_VERSION = 1.0;
				PRODUCT_BUNDLE_IDENTIFIER = "com.mustafakilinc.SwiftUI-Side-Menu";
				PRODUCT_NAME = "$(TARGET_NAME)";
				SWIFT_EMIT_LOC_STRINGS = YES;
				SWIFT_VERSION = 5.0;
				TARGETED_DEVICE_FAMILY = "1,2";
			};
			name = Release;
		};
		FA3A0D5B29FB18D600990857 /* Debug */ = {
			isa = XCBuildConfiguration;
			buildSettings = {
				ALWAYS_EMBED_SWIFT_STANDARD_LIBRARIES = YES;
				BUNDLE_LOADER = "$(TEST_HOST)";
				CODE_SIGN_STYLE = Automatic;
				CURRENT_PROJECT_VERSION = 1;
				GENERATE_INFOPLIST_FILE = YES;
				IPHONEOS_DEPLOYMENT_TARGET = 16.1;
				MARKETING_VERSION = 1.0;
				PRODUCT_BUNDLE_IDENTIFIER = "com.mustafakilinc.SwiftUI-Side-MenuTests";
				PRODUCT_NAME = "$(TARGET_NAME)";
				SWIFT_EMIT_LOC_STRINGS = NO;
				SWIFT_VERSION = 5.0;
				TARGETED_DEVICE_FAMILY = "1,2";
				TEST_HOST = "$(BUILT_PRODUCTS_DIR)/SwiftUI-Side Menu.app/$(BUNDLE_EXECUTABLE_FOLDER_PATH)/SwiftUI-Side Menu";
			};
			name = Debug;
		};
		FA3A0D5C29FB18D600990857 /* Release */ = {
			isa = XCBuildConfiguration;
			buildSettings = {
				ALWAYS_EMBED_SWIFT_STANDARD_LIBRARIES = YES;
				BUNDLE_LOADER = "$(TEST_HOST)";
				CODE_SIGN_STYLE = Automatic;
				CURRENT_PROJECT_VERSION = 1;
				GENERATE_INFOPLIST_FILE = YES;
				IPHONEOS_DEPLOYMENT_TARGET = 16.1;
				MARKETING_VERSION = 1.0;
				PRODUCT_BUNDLE_IDENTIFIER = "com.mustafakilinc.SwiftUI-Side-MenuTests";
				PRODUCT_NAME = "$(TARGET_NAME)";
				SWIFT_EMIT_LOC_STRINGS = NO;
				SWIFT_VERSION = 5.0;
				TARGETED_DEVICE_FAMILY = "1,2";
				TEST_HOST = "$(BUILT_PRODUCTS_DIR)/SwiftUI-Side Menu.app/$(BUNDLE_EXECUTABLE_FOLDER_PATH)/SwiftUI-Side Menu";
			};
			name = Release;
		};
		FA3A0D5E29FB18D600990857 /* Debug */ = {
			isa = XCBuildConfiguration;
			buildSettings = {
				ALWAYS_EMBED_SWIFT_STANDARD_LIBRARIES = YES;
				CODE_SIGN_STYLE = Automatic;
				CURRENT_PROJECT_VERSION = 1;
				GENERATE_INFOPLIST_FILE = YES;
				MARKETING_VERSION = 1.0;
				PRODUCT_BUNDLE_IDENTIFIER = "com.mustafakilinc.SwiftUI-Side-MenuUITests";
				PRODUCT_NAME = "$(TARGET_NAME)";
				SWIFT_EMIT_LOC_STRINGS = NO;
				SWIFT_VERSION = 5.0;
				TARGETED_DEVICE_FAMILY = "1,2";
				TEST_TARGET_NAME = "SwiftUI-Side Menu";
			};
			name = Debug;
		};
		FA3A0D5F29FB18D600990857 /* Release */ = {
			isa = XCBuildConfiguration;
			buildSettings = {
				ALWAYS_EMBED_SWIFT_STANDARD_LIBRARIES = YES;
				CODE_SIGN_STYLE = Automatic;
				CURRENT_PROJECT_VERSION = 1;
				GENERATE_INFOPLIST_FILE = YES;
				MARKETING_VERSION = 1.0;
				PRODUCT_BUNDLE_IDENTIFIER = "com.mustafakilinc.SwiftUI-Side-MenuUITests";
				PRODUCT_NAME = "$(TARGET_NAME)";
				SWIFT_EMIT_LOC_STRINGS = NO;
				SWIFT_VERSION = 5.0;
				TARGETED_DEVICE_FAMILY = "1,2";
				TEST_TARGET_NAME = "SwiftUI-Side Menu";
			};
			name = Release;
		};
/* End XCBuildConfiguration section */

/* Begin XCConfigurationList section */
		FA3A0D2E29FB18D400990857 /* Build configuration list for PBXProject "SwiftUI-Side Menu" */ = {
			isa = XCConfigurationList;
			buildConfigurations = (
				FA3A0D5529FB18D600990857 /* Debug */,
				FA3A0D5629FB18D600990857 /* Release */,
			);
			defaultConfigurationIsVisible = 0;
			defaultConfigurationName = Release;
		};
		FA3A0D5729FB18D600990857 /* Build configuration list for PBXNativeTarget "SwiftUI-Side Menu" */ = {
			isa = XCConfigurationList;
			buildConfigurations = (
				FA3A0D5829FB18D600990857 /* Debug */,
				FA3A0D5929FB18D600990857 /* Release */,
			);
			defaultConfigurationIsVisible = 0;
			defaultConfigurationName = Release;
		};
		FA3A0D5A29FB18D600990857 /* Build configuration list for PBXNativeTarget "SwiftUI-Side MenuTests" */ = {
			isa = XCConfigurationList;
			buildConfigurations = (
				FA3A0D5B29FB18D600990857 /* Debug */,
				FA3A0D5C29FB18D600990857 /* Release */,
			);
			defaultConfigurationIsVisible = 0;
			defaultConfigurationName = Release;
		};
		FA3A0D5D29FB18D600990857 /* Build configuration list for PBXNativeTarget "SwiftUI-Side MenuUITests" */ = {
			isa = XCConfigurationList;
			buildConfigurations = (
				FA3A0D5E29FB18D600990857 /* Debug */,
				FA3A0D5F29FB18D600990857 /* Release */,
			);
			defaultConfigurationIsVisible = 0;
			defaultConfigurationName = Release;
		};
/* End XCConfigurationList section */

/* Begin XCRemoteSwiftPackageReference section */
		FA3A0D8429FB1BD000990857 /* XCRemoteSwiftPackageReference "rive-ios" */ = {
			isa = XCRemoteSwiftPackageReference;
			repositoryURL = "https://github.com/rive-app/rive-ios";
			requirement = {
				kind = upToNextMajorVersion;
				minimumVersion = 3.0.0;
			};
		};
/* End XCRemoteSwiftPackageReference section */

/* Begin XCSwiftPackageProductDependency section */
		FA3A0D8529FB1BD000990857 /* RiveRuntime */ = {
			isa = XCSwiftPackageProductDependency;
			package = FA3A0D8429FB1BD000990857 /* XCRemoteSwiftPackageReference "rive-ios" */;
			productName = RiveRuntime;
		};
/* End XCSwiftPackageProductDependency section */
	};
	rootObject = FA3A0D2B29FB18D400990857 /* Project object */;
}
